
Microsoft Visual Studio Solution File, Format Version 12.00
# Visual Studio 14
VisualStudioVersion = 14.0.25420.1
MinimumVisualStudioVersion = 10.0.40219.1
Project("{FAE04EC0-301F-11D3-BF4B-00C04F79EFBC}") = "PhotoLife.Web", "PhotoLife.Web\PhotoLife.Web.csproj", "{60E193C5-6677-40FB-9C7D-A1C7EB559CE0}"
EndProject
Project("{FAE04EC0-301F-11D3-BF4B-00C04F79EFBC}") = "PhotoLife.Tests", "PhotoLife.Tests\PhotoLife.Tests.csproj", "{33C74FB5-7A90-4278-9569-4E80DD198F1C}"
EndProject
Project("{FAE04EC0-301F-11D3-BF4B-00C04F79EFBC}") = "PhotoLife.Models", "PhotoLife.Models\PhotoLife.Models.csproj", "{49792F7F-EE1F-46AC-A388-7B97011DBB16}"
EndProject
Project("{FAE04EC0-301F-11D3-BF4B-00C04F79EFBC}") = "PhotoLife.Data", "PhotoLife.Data\PhotoLife.Data.csproj", "{CDCD7A45-9C2F-49C2-8AE2-966AAF09D3CF}"
EndProject
Project("{FAE04EC0-301F-11D3-BF4B-00C04F79EFBC}") = "PhotoLife.Factories", "PhotoLife.Factories\PhotoLife.Factories.csproj", "{1FF8C40E-F273-434C-9A8F-03FEEED4B54D}"
EndProject
Global
	GlobalSection(SolutionConfigurationPlatforms) = preSolution
		Debug|Any CPU = Debug|Any CPU
		Release|Any CPU = Release|Any CPU
	EndGlobalSection
	GlobalSection(ProjectConfigurationPlatforms) = postSolution
		{60E193C5-6677-40FB-9C7D-A1C7EB559CE0}.Debug|Any CPU.ActiveCfg = Debug|Any CPU
		{60E193C5-6677-40FB-9C7D-A1C7EB559CE0}.Debug|Any CPU.Build.0 = Debug|Any CPU
		{60E193C5-6677-40FB-9C7D-A1C7EB559CE0}.Release|Any CPU.ActiveCfg = Release|Any CPU
		{60E193C5-6677-40FB-9C7D-A1C7EB559CE0}.Release|Any CPU.Build.0 = Release|Any CPU
		{33C74FB5-7A90-4278-9569-4E80DD198F1C}.Debug|Any CPU.ActiveCfg = Debug|Any CPU
		{33C74FB5-7A90-4278-9569-4E80DD198F1C}.Debug|Any CPU.Build.0 = Debug|Any CPU
		{33C74FB5-7A90-4278-9569-4E80DD198F1C}.Release|Any CPU.ActiveCfg = Release|Any CPU
		{33C74FB5-7A90-4278-9569-4E80DD198F1C}.Release|Any CPU.Build.0 = Release|Any CPU
		{49792F7F-EE1F-46AC-A388-7B97011DBB16}.Debug|Any CPU.ActiveCfg = Debug|Any CPU
		{49792F7F-EE1F-46AC-A388-7B97011DBB16}.Debug|Any CPU.Build.0 = Debug|Any CPU
		{49792F7F-EE1F-46AC-A388-7B97011DBB16}.Release|Any CPU.ActiveCfg = Release|Any CPU
		{49792F7F-EE1F-46AC-A388-7B97011DBB16}.Release|Any CPU.Build.0 = Release|Any CPU
		{CDCD7A45-9C2F-49C2-8AE2-966AAF09D3CF}.Debug|Any CPU.ActiveCfg = Debug|Any CPU
		{CDCD7A45-9C2F-49C2-8AE2-966AAF09D3CF}.Debug|Any CPU.Build.0 = Debug|Any CPU
		{CDCD7A45-9C2F-49C2-8AE2-966AAF09D3CF}.Release|Any CPU.ActiveCfg = Release|Any CPU
		{CDCD7A45-9C2F-49C2-8AE2-966AAF09D3CF}.Release|Any CPU.Build.0 = Release|Any CPU
		{1FF8C40E-F273-434C-9A8F-03FEEED4B54D}.Debug|Any CPU.ActiveCfg = Debug|Any CPU
		{1FF8C40E-F273-434C-9A8F-03FEEED4B54D}.Debug|Any CPU.Build.0 = Debug|Any CPU
		{1FF8C40E-F273-434C-9A8F-03FEEED4B54D}.Release|Any CPU.ActiveCfg = Release|Any CPU
		{1FF8C40E-F273-434C-9A8F-03FEEED4B54D}.Release|Any CPU.Build.0 = Release|Any CPU
	EndGlobalSection
	GlobalSection(SolutionProperties) = preSolution
		HideSolutionNode = FALSE
	EndGlobalSection
EndGlobal
